// !$*UTF8*$!
{
	archiveVersion = 1;
	classes = {
	};
	objectVersion = 56;
	objects = {

/* Begin PBXBuildFile section */
		42131DC62913DCBB0064AB96 /* ConsoleBitVishank.xcdatamodeld in Sources */ = {isa = PBXBuildFile; fileRef = 42131DC32913DBD00064AB96 /* ConsoleBitVishank.xcdatamodeld */; };
		424FB5682913AD680021F4C3 /* Employee+CoreDataClass.swift in Sources */ = {isa = PBXBuildFile; fileRef = 424FB5662913AD680021F4C3 /* Employee+CoreDataClass.swift */; };
		424FB5692913AD680021F4C3 /* Employee+CoreDataProperties.swift in Sources */ = {isa = PBXBuildFile; fileRef = 424FB5672913AD680021F4C3 /* Employee+CoreDataProperties.swift */; };
		424FB56B2913B0AC0021F4C3 /* DetailsHandler.swift in Sources */ = {isa = PBXBuildFile; fileRef = 424FB56A2913B0AB0021F4C3 /* DetailsHandler.swift */; };
		424FB56D2913BBF80021F4C3 /* Dashboard.storyboard in Resources */ = {isa = PBXBuildFile; fileRef = 42CFEFE42912ABDA00F11383 /* Dashboard.storyboard */; };
		424FB56E2913BBFC0021F4C3 /* Main.storyboard in Resources */ = {isa = PBXBuildFile; fileRef = 42D80E4B291273F700197817 /* Main.storyboard */; };
		424FB56F2913BC040021F4C3 /* Assets.xcassets in Resources */ = {isa = PBXBuildFile; fileRef = 42D80E51291273F800197817 /* Assets.xcassets */; };
		424FB5702913BC160021F4C3 /* LaunchScreen.storyboard in Resources */ = {isa = PBXBuildFile; fileRef = 42D80E53291273F800197817 /* LaunchScreen.storyboard */; };
		424FB5732913BCE40021F4C3 /* EmployeeTableViewCell.xib in Sources */ = {isa = PBXBuildFile; fileRef = 42CFEFF82912E03600F11383 /* EmployeeTableViewCell.xib */; };
		424FB5742913BCE80021F4C3 /* EmployeeDetailTableViewCell.xib in Sources */ = {isa = PBXBuildFile; fileRef = 42CFF002291396C400F11383 /* EmployeeDetailTableViewCell.xib */; };
		424FB5792913C3E70021F4C3 /* CustomImageView.swift in Sources */ = {isa = PBXBuildFile; fileRef = 424FB5782913C3E70021F4C3 /* CustomImageView.swift */; };
		424FB57B2913C9770021F4C3 /* NetworkMonitor.swift in Sources */ = {isa = PBXBuildFile; fileRef = 424FB57A2913C9770021F4C3 /* NetworkMonitor.swift */; };
		424FB57F2913D1CA0021F4C3 /* ProfileImageViewController.swift in Sources */ = {isa = PBXBuildFile; fileRef = 424FB57E2913D1CA0021F4C3 /* ProfileImageViewController.swift */; };
		42507E90291406DD006B64CB /* UIViewController + Helper.swift in Sources */ = {isa = PBXBuildFile; fileRef = 42507E8F291406DD006B64CB /* UIViewController + Helper.swift */; };
		426E07DF2913F01C0027DC24 /* FilterViewController.swift in Sources */ = {isa = PBXBuildFile; fileRef = 426E07DE2913F01C0027DC24 /* FilterViewController.swift */; };
		426E07E12913FA0B0027DC24 /* AppColors.swift in Sources */ = {isa = PBXBuildFile; fileRef = 426E07E02913FA0B0027DC24 /* AppColors.swift */; };
		426E07E32913FAB10027DC24 /* UIView + Helper.swift in Sources */ = {isa = PBXBuildFile; fileRef = 426E07E22913FAB10027DC24 /* UIView + Helper.swift */; };
		42CFEFC92912825600F11383 /* LoginModel.swift in Sources */ = {isa = PBXBuildFile; fileRef = 42CFEFC82912825600F11383 /* LoginModel.swift */; };
		42CFEFCB2912826B00F11383 /* EmployeesModel.swift in Sources */ = {isa = PBXBuildFile; fileRef = 42CFEFCA2912826B00F11383 /* EmployeesModel.swift */; };
		42CFEFCD2912832100F11383 /* LoginAPIRouter.swift in Sources */ = {isa = PBXBuildFile; fileRef = 42CFEFCC2912832100F11383 /* LoginAPIRouter.swift */; };
		42CFEFD1291283C900F11383 /* Constants.swift in Sources */ = {isa = PBXBuildFile; fileRef = 42CFEFD0291283C900F11383 /* Constants.swift */; };
		42CFEFD32912898800F11383 /* AppConstants.swift in Sources */ = {isa = PBXBuildFile; fileRef = 42CFEFD22912898800F11383 /* AppConstants.swift */; };
		42CFEFD529128A4C00F11383 /* LoginViewModel.swift in Sources */ = {isa = PBXBuildFile; fileRef = 42CFEFD429128A4C00F11383 /* LoginViewModel.swift */; };
		42CFEFD729129ABC00F11383 /* ServiceLocator.swift in Sources */ = {isa = PBXBuildFile; fileRef = 42CFEFD629129ABC00F11383 /* ServiceLocator.swift */; };
		42CFEFD929129B2F00F11383 /* Enums.swift in Sources */ = {isa = PBXBuildFile; fileRef = 42CFEFD829129B2F00F11383 /* Enums.swift */; };
		42CFEFDB29129B6300F11383 /* NSObject + Helper.swift in Sources */ = {isa = PBXBuildFile; fileRef = 42CFEFDA29129B6300F11383 /* NSObject + Helper.swift */; };
		42CFEFDD29129C2800F11383 /* ProjectWireframe.swift in Sources */ = {isa = PBXBuildFile; fileRef = 42CFEFDC29129C2800F11383 /* ProjectWireframe.swift */; };
		42CFEFDF29129EE400F11383 /* EmployeesListViewController.swift in Sources */ = {isa = PBXBuildFile; fileRef = 42CFEFDE29129EE400F11383 /* EmployeesListViewController.swift */; };
		42CFEFE129129FB000F11383 /* EmployeesAPIRouter.swift in Sources */ = {isa = PBXBuildFile; fileRef = 42CFEFE029129FB000F11383 /* EmployeesAPIRouter.swift */; };
		42CFEFE32912A0E900F11383 /* EmployeesViewModel.swift in Sources */ = {isa = PBXBuildFile; fileRef = 42CFEFE22912A0E900F11383 /* EmployeesViewModel.swift */; };
		42CFEFF52912DBB300F11383 /* SwiftKeychainWrapper in Frameworks */ = {isa = PBXBuildFile; productRef = 42CFEFF42912DBB300F11383 /* SwiftKeychainWrapper */; };
		42CFEFF92912E03600F11383 /* EmployeeTableViewCell.swift in Sources */ = {isa = PBXBuildFile; fileRef = 42CFEFF72912E03600F11383 /* EmployeeTableViewCell.swift */; };
		42CFEFFD2913904700F11383 /* Helper.swift in Sources */ = {isa = PBXBuildFile; fileRef = 42CFEFFC2913904700F11383 /* Helper.swift */; };
		42CFEFFF291393E900F11383 /* EmployeeDetailViewController.swift in Sources */ = {isa = PBXBuildFile; fileRef = 42CFEFFE291393E900F11383 /* EmployeeDetailViewController.swift */; };
		42CFF003291396C400F11383 /* EmployeeDetailTableViewCell.swift in Sources */ = {isa = PBXBuildFile; fileRef = 42CFF001291396C400F11383 /* EmployeeDetailTableViewCell.swift */; };
		42D80E46291273F600197817 /* AppDelegate.swift in Sources */ = {isa = PBXBuildFile; fileRef = 42D80E45291273F600197817 /* AppDelegate.swift */; };
		42D80E48291273F700197817 /* SceneDelegate.swift in Sources */ = {isa = PBXBuildFile; fileRef = 42D80E47291273F700197817 /* SceneDelegate.swift */; };
		42D80E4A291273F700197817 /* LoginViewController.swift in Sources */ = {isa = PBXBuildFile; fileRef = 42D80E49291273F700197817 /* LoginViewController.swift */; };
		42D80E60291273F800197817 /* ConsoleBitVishankTests.swift in Sources */ = {isa = PBXBuildFile; fileRef = 42D80E5F291273F800197817 /* ConsoleBitVishankTests.swift */; };
		42D80E6A291273F800197817 /* ConsoleBitVishankUITests.swift in Sources */ = {isa = PBXBuildFile; fileRef = 42D80E69291273F800197817 /* ConsoleBitVishankUITests.swift */; };
		42D80E6C291273F800197817 /* ConsoleBitVishankUITestsLaunchTests.swift in Sources */ = {isa = PBXBuildFile; fileRef = 42D80E6B291273F800197817 /* ConsoleBitVishankUITestsLaunchTests.swift */; };
		42D80E7A2912760900197817 /* Alamofire in Frameworks */ = {isa = PBXBuildFile; productRef = 42D80E792912760900197817 /* Alamofire */; };
/* End PBXBuildFile section */

/* Begin PBXContainerItemProxy section */
		42D80E5C291273F800197817 /* PBXContainerItemProxy */ = {
			isa = PBXContainerItemProxy;
			containerPortal = 42D80E3A291273F600197817 /* Project object */;
			proxyType = 1;
			remoteGlobalIDString = 42D80E41291273F600197817;
			remoteInfo = ConsoleBitVishank;
		};
		42D80E66291273F800197817 /* PBXContainerItemProxy */ = {
			isa = PBXContainerItemProxy;
			containerPortal = 42D80E3A291273F600197817 /* Project object */;
			proxyType = 1;
			remoteGlobalIDString = 42D80E41291273F600197817;
			remoteInfo = ConsoleBitVishank;
		};
/* End PBXContainerItemProxy section */

/* Begin PBXFileReference section */
		42131DC42913DBD00064AB96 /* ConsoleBitVishank.xcdatamodel */ = {isa = PBXFileReference; lastKnownFileType = wrapper.xcdatamodel; path = ConsoleBitVishank.xcdatamodel; sourceTree = "<group>"; };
		424FB5662913AD680021F4C3 /* Employee+CoreDataClass.swift */ = {isa = PBXFileReference; fileEncoding = 4; lastKnownFileType = sourcecode.swift; path = "Employee+CoreDataClass.swift"; sourceTree = "<group>"; };
		424FB5672913AD680021F4C3 /* Employee+CoreDataProperties.swift */ = {isa = PBXFileReference; fileEncoding = 4; lastKnownFileType = sourcecode.swift; path = "Employee+CoreDataProperties.swift"; sourceTree = "<group>"; };
		424FB56A2913B0AB0021F4C3 /* DetailsHandler.swift */ = {isa = PBXFileReference; lastKnownFileType = sourcecode.swift; path = DetailsHandler.swift; sourceTree = "<group>"; };
		424FB5782913C3E70021F4C3 /* CustomImageView.swift */ = {isa = PBXFileReference; lastKnownFileType = sourcecode.swift; path = CustomImageView.swift; sourceTree = "<group>"; };
		424FB57A2913C9770021F4C3 /* NetworkMonitor.swift */ = {isa = PBXFileReference; lastKnownFileType = sourcecode.swift; path = NetworkMonitor.swift; sourceTree = "<group>"; };
		424FB57E2913D1CA0021F4C3 /* ProfileImageViewController.swift */ = {isa = PBXFileReference; lastKnownFileType = sourcecode.swift; path = ProfileImageViewController.swift; sourceTree = "<group>"; };
		42507E8F291406DD006B64CB /* UIViewController + Helper.swift */ = {isa = PBXFileReference; lastKnownFileType = sourcecode.swift; path = "UIViewController + Helper.swift"; sourceTree = "<group>"; };
		426E07DE2913F01C0027DC24 /* FilterViewController.swift */ = {isa = PBXFileReference; lastKnownFileType = sourcecode.swift; path = FilterViewController.swift; sourceTree = "<group>"; };
		426E07E02913FA0B0027DC24 /* AppColors.swift */ = {isa = PBXFileReference; lastKnownFileType = sourcecode.swift; path = AppColors.swift; sourceTree = "<group>"; };
		426E07E22913FAB10027DC24 /* UIView + Helper.swift */ = {isa = PBXFileReference; lastKnownFileType = sourcecode.swift; path = "UIView + Helper.swift"; sourceTree = "<group>"; };
		42CFEFC82912825600F11383 /* LoginModel.swift */ = {isa = PBXFileReference; lastKnownFileType = sourcecode.swift; path = LoginModel.swift; sourceTree = "<group>"; };
		42CFEFCA2912826B00F11383 /* EmployeesModel.swift */ = {isa = PBXFileReference; lastKnownFileType = sourcecode.swift; path = EmployeesModel.swift; sourceTree = "<group>"; };
		42CFEFCC2912832100F11383 /* LoginAPIRouter.swift */ = {isa = PBXFileReference; lastKnownFileType = sourcecode.swift; path = LoginAPIRouter.swift; sourceTree = "<group>"; };
		42CFEFD0291283C900F11383 /* Constants.swift */ = {isa = PBXFileReference; lastKnownFileType = sourcecode.swift; path = Constants.swift; sourceTree = "<group>"; };
		42CFEFD22912898800F11383 /* AppConstants.swift */ = {isa = PBXFileReference; lastKnownFileType = sourcecode.swift; path = AppConstants.swift; sourceTree = "<group>"; };
		42CFEFD429128A4C00F11383 /* LoginViewModel.swift */ = {isa = PBXFileReference; lastKnownFileType = sourcecode.swift; path = LoginViewModel.swift; sourceTree = "<group>"; };
		42CFEFD629129ABC00F11383 /* ServiceLocator.swift */ = {isa = PBXFileReference; lastKnownFileType = sourcecode.swift; path = ServiceLocator.swift; sourceTree = "<group>"; };
		42CFEFD829129B2F00F11383 /* Enums.swift */ = {isa = PBXFileReference; lastKnownFileType = sourcecode.swift; path = Enums.swift; sourceTree = "<group>"; };
		42CFEFDA29129B6300F11383 /* NSObject + Helper.swift */ = {isa = PBXFileReference; lastKnownFileType = sourcecode.swift; path = "NSObject + Helper.swift"; sourceTree = "<group>"; };
		42CFEFDC29129C2800F11383 /* ProjectWireframe.swift */ = {isa = PBXFileReference; lastKnownFileType = sourcecode.swift; path = ProjectWireframe.swift; sourceTree = "<group>"; };
		42CFEFDE29129EE400F11383 /* EmployeesListViewController.swift */ = {isa = PBXFileReference; lastKnownFileType = sourcecode.swift; path = EmployeesListViewController.swift; sourceTree = "<group>"; };
		42CFEFE029129FB000F11383 /* EmployeesAPIRouter.swift */ = {isa = PBXFileReference; lastKnownFileType = sourcecode.swift; path = EmployeesAPIRouter.swift; sourceTree = "<group>"; };
		42CFEFE22912A0E900F11383 /* EmployeesViewModel.swift */ = {isa = PBXFileReference; lastKnownFileType = sourcecode.swift; path = EmployeesViewModel.swift; sourceTree = "<group>"; };
		42CFEFE42912ABDA00F11383 /* Dashboard.storyboard */ = {isa = PBXFileReference; lastKnownFileType = file.storyboard; path = Dashboard.storyboard; sourceTree = "<group>"; };
		42CFEFF72912E03600F11383 /* EmployeeTableViewCell.swift */ = {isa = PBXFileReference; lastKnownFileType = sourcecode.swift; path = EmployeeTableViewCell.swift; sourceTree = "<group>"; };
		42CFEFF82912E03600F11383 /* EmployeeTableViewCell.xib */ = {isa = PBXFileReference; lastKnownFileType = file.xib; path = EmployeeTableViewCell.xib; sourceTree = "<group>"; };
		42CFEFFC2913904700F11383 /* Helper.swift */ = {isa = PBXFileReference; lastKnownFileType = sourcecode.swift; path = Helper.swift; sourceTree = "<group>"; };
		42CFEFFE291393E900F11383 /* EmployeeDetailViewController.swift */ = {isa = PBXFileReference; lastKnownFileType = sourcecode.swift; path = EmployeeDetailViewController.swift; sourceTree = "<group>"; };
		42CFF001291396C400F11383 /* EmployeeDetailTableViewCell.swift */ = {isa = PBXFileReference; lastKnownFileType = sourcecode.swift; path = EmployeeDetailTableViewCell.swift; sourceTree = "<group>"; };
		42CFF002291396C400F11383 /* EmployeeDetailTableViewCell.xib */ = {isa = PBXFileReference; lastKnownFileType = file.xib; path = EmployeeDetailTableViewCell.xib; sourceTree = "<group>"; };
		42D80E42291273F600197817 /* ConsoleBitVishank.app */ = {isa = PBXFileReference; explicitFileType = wrapper.application; includeInIndex = 0; path = ConsoleBitVishank.app; sourceTree = BUILT_PRODUCTS_DIR; };
		42D80E45291273F600197817 /* AppDelegate.swift */ = {isa = PBXFileReference; lastKnownFileType = sourcecode.swift; path = AppDelegate.swift; sourceTree = "<group>"; };
		42D80E47291273F700197817 /* SceneDelegate.swift */ = {isa = PBXFileReference; lastKnownFileType = sourcecode.swift; path = SceneDelegate.swift; sourceTree = "<group>"; };
		42D80E49291273F700197817 /* LoginViewController.swift */ = {isa = PBXFileReference; lastKnownFileType = sourcecode.swift; path = LoginViewController.swift; sourceTree = "<group>"; };
		42D80E4C291273F700197817 /* Base */ = {isa = PBXFileReference; lastKnownFileType = file.storyboard; name = Base; path = Base.lproj/Main.storyboard; sourceTree = "<group>"; };
		42D80E51291273F800197817 /* Assets.xcassets */ = {isa = PBXFileReference; lastKnownFileType = folder.assetcatalog; path = Assets.xcassets; sourceTree = "<group>"; };
		42D80E54291273F800197817 /* Base */ = {isa = PBXFileReference; lastKnownFileType = file.storyboard; name = Base; path = Base.lproj/LaunchScreen.storyboard; sourceTree = "<group>"; };
		42D80E56291273F800197817 /* Info.plist */ = {isa = PBXFileReference; lastKnownFileType = text.plist.xml; path = Info.plist; sourceTree = "<group>"; };
		42D80E5B291273F800197817 /* ConsoleBitVishankTests.xctest */ = {isa = PBXFileReference; explicitFileType = wrapper.cfbundle; includeInIndex = 0; path = ConsoleBitVishankTests.xctest; sourceTree = BUILT_PRODUCTS_DIR; };
		42D80E5F291273F800197817 /* ConsoleBitVishankTests.swift */ = {isa = PBXFileReference; lastKnownFileType = sourcecode.swift; path = ConsoleBitVishankTests.swift; sourceTree = "<group>"; };
		42D80E65291273F800197817 /* ConsoleBitVishankUITests.xctest */ = {isa = PBXFileReference; explicitFileType = wrapper.cfbundle; includeInIndex = 0; path = ConsoleBitVishankUITests.xctest; sourceTree = BUILT_PRODUCTS_DIR; };
		42D80E69291273F800197817 /* ConsoleBitVishankUITests.swift */ = {isa = PBXFileReference; lastKnownFileType = sourcecode.swift; path = ConsoleBitVishankUITests.swift; sourceTree = "<group>"; };
		42D80E6B291273F800197817 /* ConsoleBitVishankUITestsLaunchTests.swift */ = {isa = PBXFileReference; lastKnownFileType = sourcecode.swift; path = ConsoleBitVishankUITestsLaunchTests.swift; sourceTree = "<group>"; };
/* End PBXFileReference section */

/* Begin PBXFrameworksBuildPhase section */
		42D80E3F291273F600197817 /* Frameworks */ = {
			isa = PBXFrameworksBuildPhase;
			buildActionMask = 2147483647;
			files = (
				42CFEFF52912DBB300F11383 /* SwiftKeychainWrapper in Frameworks */,
				42D80E7A2912760900197817 /* Alamofire in Frameworks */,
			);
			runOnlyForDeploymentPostprocessing = 0;
		};
		42D80E58291273F800197817 /* Frameworks */ = {
			isa = PBXFrameworksBuildPhase;
			buildActionMask = 2147483647;
			files = (
			);
			runOnlyForDeploymentPostprocessing = 0;
		};
		42D80E62291273F800197817 /* Frameworks */ = {
			isa = PBXFrameworksBuildPhase;
			buildActionMask = 2147483647;
			files = (
			);
			runOnlyForDeploymentPostprocessing = 0;
		};
/* End PBXFrameworksBuildPhase section */

/* Begin PBXGroup section */
		42131DC72913DCF30064AB96 /* Custom Image */ = {
			isa = PBXGroup;
			children = (
				424FB5782913C3E70021F4C3 /* CustomImageView.swift */,
			);
			path = "Custom Image";
			sourceTree = "<group>";
		};
		424FB57C2913D1930021F4C3 /* View */ = {
			isa = PBXGroup;
			children = (
				42CFF001291396C400F11383 /* EmployeeDetailTableViewCell.swift */,
				42CFF002291396C400F11383 /* EmployeeDetailTableViewCell.xib */,
			);
			path = View;
			sourceTree = "<group>";
		};
		424FB57D2913D19A0021F4C3 /* View Controller */ = {
			isa = PBXGroup;
			children = (
				42CFEFFE291393E900F11383 /* EmployeeDetailViewController.swift */,
				424FB57E2913D1CA0021F4C3 /* ProfileImageViewController.swift */,
			);
			path = "View Controller";
			sourceTree = "<group>";
		};
		424FB5802913D31F0021F4C3 /* CoreDataManager */ = {
			isa = PBXGroup;
			children = (
				424FB56A2913B0AB0021F4C3 /* DetailsHandler.swift */,
				424FB5662913AD680021F4C3 /* Employee+CoreDataClass.swift */,
				424FB5672913AD680021F4C3 /* Employee+CoreDataProperties.swift */,
			);
			path = CoreDataManager;
			sourceTree = "<group>";
		};
		42507E91291408B6006B64CB /* ViewController */ = {
			isa = PBXGroup;
			children = (
				426E07DE2913F01C0027DC24 /* FilterViewController.swift */,
			);
			path = ViewController;
			sourceTree = "<group>";
		};
		426E07DD2913F0090027DC24 /* Filter */ = {
			isa = PBXGroup;
			children = (
				42507E91291408B6006B64CB /* ViewController */,
			);
			path = Filter;
			sourceTree = "<group>";
		};
		42CFEFC52912821C00F11383 /* Module */ = {
			isa = PBXGroup;
			children = (
				426E07DD2913F0090027DC24 /* Filter */,
				42CFEFC72912823200F11383 /* Dashboard */,
				42CFEFC62912822A00F11383 /* Login */,
				42CFF000291393ED00F11383 /* Employee Detail */,
			);
			path = Module;
			sourceTree = "<group>";
		};
		42CFEFC62912822A00F11383 /* Login */ = {
			isa = PBXGroup;
			children = (
				42CFEFF12912D42500F11383 /* Router */,
				42CFEFF02912D41F00F11383 /* Model */,
				42CFEFF22912D42900F11383 /* View Model */,
				42CFEFEF2912D41600F11383 /* View Controller */,
			);
			path = Login;
			sourceTree = "<group>";
		};
		42CFEFC72912823200F11383 /* Dashboard */ = {
			isa = PBXGroup;
			children = (
				42CFEFED2912D3F300F11383 /* Router */,
				42CFEFEB2912D3DA00F11383 /* Model */,
				42CFEFF62912E01D00F11383 /* View */,
				42CFEFEC2912D3E900F11383 /* View Model */,
				42CFEFEE2912D3FB00F11383 /* View Controller */,
			);
			path = Dashboard;
			sourceTree = "<group>";
		};
		42CFEFCE291283A500F11383 /* Utilities */ = {
			isa = PBXGroup;
			children = (
				42131DC72913DCF30064AB96 /* Custom Image */,
				42CFEFFB2913903B00F11383 /* Helper */,
				42CFEFE72912D3A300F11383 /* Project Router */,
				42CFEFEA2912D3CF00F11383 /* App Constants */,
				42CFEFCF291283B500F11383 /* Networking */,
				42CFEFE92912D3C500F11383 /* Enum */,
				42CFEFE82912D3BB00F11383 /* Extensions */,
			);
			path = Utilities;
			sourceTree = "<group>";
		};
		42CFEFCF291283B500F11383 /* Networking */ = {
			isa = PBXGroup;
			children = (
				42CFEFD0291283C900F11383 /* Constants.swift */,
				424FB57A2913C9770021F4C3 /* NetworkMonitor.swift */,
			);
			path = Networking;
			sourceTree = "<group>";
		};
		42CFEFE62912BF1D00F11383 /* Storyboards */ = {
			isa = PBXGroup;
			children = (
				42D80E4B291273F700197817 /* Main.storyboard */,
				42CFEFE42912ABDA00F11383 /* Dashboard.storyboard */,
			);
			path = Storyboards;
			sourceTree = "<group>";
		};
		42CFEFE72912D3A300F11383 /* Project Router */ = {
			isa = PBXGroup;
			children = (
				42CFEFDC29129C2800F11383 /* ProjectWireframe.swift */,
				42CFEFD629129ABC00F11383 /* ServiceLocator.swift */,
			);
			path = "Project Router";
			sourceTree = "<group>";
		};
		42CFEFE82912D3BB00F11383 /* Extensions */ = {
			isa = PBXGroup;
			children = (
				42CFEFDA29129B6300F11383 /* NSObject + Helper.swift */,
				426E07E22913FAB10027DC24 /* UIView + Helper.swift */,
				42507E8F291406DD006B64CB /* UIViewController + Helper.swift */,
			);
			path = Extensions;
			sourceTree = "<group>";
		};
		42CFEFE92912D3C500F11383 /* Enum */ = {
			isa = PBXGroup;
			children = (
				42CFEFD829129B2F00F11383 /* Enums.swift */,
			);
			path = Enum;
			sourceTree = "<group>";
		};
		42CFEFEA2912D3CF00F11383 /* App Constants */ = {
			isa = PBXGroup;
			children = (
				42CFEFD22912898800F11383 /* AppConstants.swift */,
				426E07E02913FA0B0027DC24 /* AppColors.swift */,
			);
			path = "App Constants";
			sourceTree = "<group>";
		};
		42CFEFEB2912D3DA00F11383 /* Model */ = {
			isa = PBXGroup;
			children = (
				42CFEFCA2912826B00F11383 /* EmployeesModel.swift */,
			);
			path = Model;
			sourceTree = "<group>";
		};
		42CFEFEC2912D3E900F11383 /* View Model */ = {
			isa = PBXGroup;
			children = (
				42CFEFE22912A0E900F11383 /* EmployeesViewModel.swift */,
			);
			path = "View Model";
			sourceTree = "<group>";
		};
		42CFEFED2912D3F300F11383 /* Router */ = {
			isa = PBXGroup;
			children = (
				42CFEFE029129FB000F11383 /* EmployeesAPIRouter.swift */,
			);
			path = Router;
			sourceTree = "<group>";
		};
		42CFEFEE2912D3FB00F11383 /* View Controller */ = {
			isa = PBXGroup;
			children = (
				42CFEFDE29129EE400F11383 /* EmployeesListViewController.swift */,
			);
			path = "View Controller";
			sourceTree = "<group>";
		};
		42CFEFEF2912D41600F11383 /* View Controller */ = {
			isa = PBXGroup;
			children = (
				42D80E49291273F700197817 /* LoginViewController.swift */,
			);
			path = "View Controller";
			sourceTree = "<group>";
		};
		42CFEFF02912D41F00F11383 /* Model */ = {
			isa = PBXGroup;
			children = (
				42CFEFC82912825600F11383 /* LoginModel.swift */,
			);
			path = Model;
			sourceTree = "<group>";
		};
		42CFEFF12912D42500F11383 /* Router */ = {
			isa = PBXGroup;
			children = (
				42CFEFCC2912832100F11383 /* LoginAPIRouter.swift */,
			);
			path = Router;
			sourceTree = "<group>";
		};
		42CFEFF22912D42900F11383 /* View Model */ = {
			isa = PBXGroup;
			children = (
				42CFEFD429128A4C00F11383 /* LoginViewModel.swift */,
			);
			path = "View Model";
			sourceTree = "<group>";
		};
		42CFEFF62912E01D00F11383 /* View */ = {
			isa = PBXGroup;
			children = (
				42CFEFF72912E03600F11383 /* EmployeeTableViewCell.swift */,
				42CFEFF82912E03600F11383 /* EmployeeTableViewCell.xib */,
			);
			path = View;
			sourceTree = "<group>";
		};
		42CFEFFB2913903B00F11383 /* Helper */ = {
			isa = PBXGroup;
			children = (
				42CFEFFC2913904700F11383 /* Helper.swift */,
			);
			path = Helper;
			sourceTree = "<group>";
		};
		42CFF000291393ED00F11383 /* Employee Detail */ = {
			isa = PBXGroup;
			children = (
				424FB57D2913D19A0021F4C3 /* View Controller */,
				424FB57C2913D1930021F4C3 /* View */,
			);
			path = "Employee Detail";
			sourceTree = "<group>";
		};
		42D80E39291273F600197817 = {
			isa = PBXGroup;
			children = (
				42D80E44291273F600197817 /* ConsoleBitVishank */,
				42D80E5E291273F800197817 /* ConsoleBitVishankTests */,
				42D80E68291273F800197817 /* ConsoleBitVishankUITests */,
				42D80E43291273F600197817 /* Products */,
			);
			sourceTree = "<group>";
		};
		42D80E43291273F600197817 /* Products */ = {
			isa = PBXGroup;
			children = (
				42D80E42291273F600197817 /* ConsoleBitVishank.app */,
				42D80E5B291273F800197817 /* ConsoleBitVishankTests.xctest */,
				42D80E65291273F800197817 /* ConsoleBitVishankUITests.xctest */,
			);
			name = Products;
			sourceTree = "<group>";
		};
		42D80E44291273F600197817 /* ConsoleBitVishank */ = {
			isa = PBXGroup;
			children = (
				424FB5802913D31F0021F4C3 /* CoreDataManager */,
				42CFEFE62912BF1D00F11383 /* Storyboards */,
				42CFEFCE291283A500F11383 /* Utilities */,
				42CFEFC52912821C00F11383 /* Module */,
				42D80E45291273F600197817 /* AppDelegate.swift */,
				42D80E47291273F700197817 /* SceneDelegate.swift */,
				42D80E51291273F800197817 /* Assets.xcassets */,
				42D80E53291273F800197817 /* LaunchScreen.storyboard */,
				42D80E56291273F800197817 /* Info.plist */,
				42131DC32913DBD00064AB96 /* ConsoleBitVishank.xcdatamodeld */,
			);
			path = ConsoleBitVishank;
			sourceTree = "<group>";
		};
		42D80E5E291273F800197817 /* ConsoleBitVishankTests */ = {
			isa = PBXGroup;
			children = (
				42D80E5F291273F800197817 /* ConsoleBitVishankTests.swift */,
			);
			path = ConsoleBitVishankTests;
			sourceTree = "<group>";
		};
		42D80E68291273F800197817 /* ConsoleBitVishankUITests */ = {
			isa = PBXGroup;
			children = (
				42D80E69291273F800197817 /* ConsoleBitVishankUITests.swift */,
				42D80E6B291273F800197817 /* ConsoleBitVishankUITestsLaunchTests.swift */,
			);
			path = ConsoleBitVishankUITests;
			sourceTree = "<group>";
		};
/* End PBXGroup section */

/* Begin PBXNativeTarget section */
		42D80E41291273F600197817 /* ConsoleBitVishank */ = {
			isa = PBXNativeTarget;
			buildConfigurationList = 42D80E6F291273F800197817 /* Build configuration list for PBXNativeTarget "ConsoleBitVishank" */;
			buildPhases = (
				42D80E3E291273F600197817 /* Sources */,
				42D80E3F291273F600197817 /* Frameworks */,
				42D80E40291273F600197817 /* Resources */,
			);
			buildRules = (
			);
			dependencies = (
			);
			name = ConsoleBitVishank;
			packageProductDependencies = (
				42D80E792912760900197817 /* Alamofire */,
				42CFEFF42912DBB300F11383 /* SwiftKeychainWrapper */,
			);
			productName = ConsoleBitVishank;
			productReference = 42D80E42291273F600197817 /* ConsoleBitVishank.app */;
			productType = "com.apple.product-type.application";
		};
		42D80E5A291273F800197817 /* ConsoleBitVishankTests */ = {
			isa = PBXNativeTarget;
			buildConfigurationList = 42D80E72291273F800197817 /* Build configuration list for PBXNativeTarget "ConsoleBitVishankTests" */;
			buildPhases = (
				42D80E57291273F800197817 /* Sources */,
				42D80E58291273F800197817 /* Frameworks */,
				42D80E59291273F800197817 /* Resources */,
			);
			buildRules = (
			);
			dependencies = (
				42D80E5D291273F800197817 /* PBXTargetDependency */,
			);
			name = ConsoleBitVishankTests;
			productName = ConsoleBitVishankTests;
			productReference = 42D80E5B291273F800197817 /* ConsoleBitVishankTests.xctest */;
			productType = "com.apple.product-type.bundle.unit-test";
		};
		42D80E64291273F800197817 /* ConsoleBitVishankUITests */ = {
			isa = PBXNativeTarget;
			buildConfigurationList = 42D80E75291273F800197817 /* Build configuration list for PBXNativeTarget "ConsoleBitVishankUITests" */;
			buildPhases = (
				42D80E61291273F800197817 /* Sources */,
				42D80E62291273F800197817 /* Frameworks */,
				42D80E63291273F800197817 /* Resources */,
			);
			buildRules = (
			);
			dependencies = (
				42D80E67291273F800197817 /* PBXTargetDependency */,
			);
			name = ConsoleBitVishankUITests;
			productName = ConsoleBitVishankUITests;
			productReference = 42D80E65291273F800197817 /* ConsoleBitVishankUITests.xctest */;
			productType = "com.apple.product-type.bundle.ui-testing";
		};
/* End PBXNativeTarget section */

/* Begin PBXProject section */
		42D80E3A291273F600197817 /* Project object */ = {
			isa = PBXProject;
			attributes = {
				BuildIndependentTargetsInParallel = 1;
				LastSwiftUpdateCheck = 1400;
				LastUpgradeCheck = 1400;
				TargetAttributes = {
					42D80E41291273F600197817 = {
						CreatedOnToolsVersion = 14.0.1;
					};
					42D80E5A291273F800197817 = {
						CreatedOnToolsVersion = 14.0.1;
						TestTargetID = 42D80E41291273F600197817;
					};
					42D80E64291273F800197817 = {
						CreatedOnToolsVersion = 14.0.1;
						TestTargetID = 42D80E41291273F600197817;
					};
				};
			};
			buildConfigurationList = 42D80E3D291273F600197817 /* Build configuration list for PBXProject "ConsoleBitVishank" */;
			compatibilityVersion = "Xcode 14.0";
			developmentRegion = en;
			hasScannedForEncodings = 0;
			knownRegions = (
				en,
				Base,
			);
			mainGroup = 42D80E39291273F600197817;
			packageReferences = (
				42D80E782912760800197817 /* XCRemoteSwiftPackageReference "Alamofire" */,
				42CFEFF32912DBB300F11383 /* XCRemoteSwiftPackageReference "SwiftKeychainWrapper" */,
			);
			productRefGroup = 42D80E43291273F600197817 /* Products */;
			projectDirPath = "";
			projectRoot = "";
			targets = (
				42D80E41291273F600197817 /* ConsoleBitVishank */,
				42D80E5A291273F800197817 /* ConsoleBitVishankTests */,
				42D80E64291273F800197817 /* ConsoleBitVishankUITests */,
			);
		};
/* End PBXProject section */

/* Begin PBXResourcesBuildPhase section */
		42D80E40291273F600197817 /* Resources */ = {
			isa = PBXResourcesBuildPhase;
			buildActionMask = 2147483647;
			files = (
				424FB5702913BC160021F4C3 /* LaunchScreen.storyboard in Resources */,
				424FB56F2913BC040021F4C3 /* Assets.xcassets in Resources */,
				424FB56E2913BBFC0021F4C3 /* Main.storyboard in Resources */,
				424FB56D2913BBF80021F4C3 /* Dashboard.storyboard in Resources */,
			);
			runOnlyForDeploymentPostprocessing = 0;
		};
		42D80E59291273F800197817 /* Resources */ = {
			isa = PBXResourcesBuildPhase;
			buildActionMask = 2147483647;
			files = (
			);
			runOnlyForDeploymentPostprocessing = 0;
		};
		42D80E63291273F800197817 /* Resources */ = {
			isa = PBXResourcesBuildPhase;
			buildActionMask = 2147483647;
			files = (
			);
			runOnlyForDeploymentPostprocessing = 0;
		};
/* End PBXResourcesBuildPhase section */

/* Begin PBXSourcesBuildPhase section */
		42D80E3E291273F600197817 /* Sources */ = {
			isa = PBXSourcesBuildPhase;
			buildActionMask = 2147483647;
			files = (
				424FB5742913BCE80021F4C3 /* EmployeeDetailTableViewCell.xib in Sources */,
				424FB5792913C3E70021F4C3 /* CustomImageView.swift in Sources */,
				424FB5732913BCE40021F4C3 /* EmployeeTableViewCell.xib in Sources */,
				426E07E12913FA0B0027DC24 /* AppColors.swift in Sources */,
				42CFEFDB29129B6300F11383 /* NSObject + Helper.swift in Sources */,
				42CFEFE129129FB000F11383 /* EmployeesAPIRouter.swift in Sources */,
				42CFEFC92912825600F11383 /* LoginModel.swift in Sources */,
				42CFEFD32912898800F11383 /* AppConstants.swift in Sources */,
				42CFEFF92912E03600F11383 /* EmployeeTableViewCell.swift in Sources */,
				424FB56B2913B0AC0021F4C3 /* DetailsHandler.swift in Sources */,
				42CFEFE32912A0E900F11383 /* EmployeesViewModel.swift in Sources */,
				42CFEFDD29129C2800F11383 /* ProjectWireframe.swift in Sources */,
				42CFF003291396C400F11383 /* EmployeeDetailTableViewCell.swift in Sources */,
				42CFEFFD2913904700F11383 /* Helper.swift in Sources */,
				424FB57B2913C9770021F4C3 /* NetworkMonitor.swift in Sources */,
				42CFEFDF29129EE400F11383 /* EmployeesListViewController.swift in Sources */,
				424FB5682913AD680021F4C3 /* Employee+CoreDataClass.swift in Sources */,
				424FB5692913AD680021F4C3 /* Employee+CoreDataProperties.swift in Sources */,
				42CFEFD729129ABC00F11383 /* ServiceLocator.swift in Sources */,
				42D80E4A291273F700197817 /* LoginViewController.swift in Sources */,
				426E07E32913FAB10027DC24 /* UIView + Helper.swift in Sources */,
				42CFEFCB2912826B00F11383 /* EmployeesModel.swift in Sources */,
				424FB57F2913D1CA0021F4C3 /* ProfileImageViewController.swift in Sources */,
				42D80E46291273F600197817 /* AppDelegate.swift in Sources */,
				42D80E48291273F700197817 /* SceneDelegate.swift in Sources */,
				42CFEFCD2912832100F11383 /* LoginAPIRouter.swift in Sources */,
				426E07DF2913F01C0027DC24 /* FilterViewController.swift in Sources */,
				42131DC62913DCBB0064AB96 /* ConsoleBitVishank.xcdatamodeld in Sources */,
				42507E90291406DD006B64CB /* UIViewController + Helper.swift in Sources */,
				42CFEFD529128A4C00F11383 /* LoginViewModel.swift in Sources */,
				42CFEFD929129B2F00F11383 /* Enums.swift in Sources */,
				42CFEFD1291283C900F11383 /* Constants.swift in Sources */,
				42CFEFFF291393E900F11383 /* EmployeeDetailViewController.swift in Sources */,
			);
			runOnlyForDeploymentPostprocessing = 0;
		};
		42D80E57291273F800197817 /* Sources */ = {
			isa = PBXSourcesBuildPhase;
			buildActionMask = 2147483647;
			files = (
				42D80E60291273F800197817 /* ConsoleBitVishankTests.swift in Sources */,
			);
			runOnlyForDeploymentPostprocessing = 0;
		};
		42D80E61291273F800197817 /* Sources */ = {
			isa = PBXSourcesBuildPhase;
			buildActionMask = 2147483647;
			files = (
				42D80E6A291273F800197817 /* ConsoleBitVishankUITests.swift in Sources */,
				42D80E6C291273F800197817 /* ConsoleBitVishankUITestsLaunchTests.swift in Sources */,
			);
			runOnlyForDeploymentPostprocessing = 0;
		};
/* End PBXSourcesBuildPhase section */

/* Begin PBXTargetDependency section */
		42D80E5D291273F800197817 /* PBXTargetDependency */ = {
			isa = PBXTargetDependency;
			target = 42D80E41291273F600197817 /* ConsoleBitVishank */;
			targetProxy = 42D80E5C291273F800197817 /* PBXContainerItemProxy */;
		};
		42D80E67291273F800197817 /* PBXTargetDependency */ = {
			isa = PBXTargetDependency;
			target = 42D80E41291273F600197817 /* ConsoleBitVishank */;
			targetProxy = 42D80E66291273F800197817 /* PBXContainerItemProxy */;
		};
/* End PBXTargetDependency section */

/* Begin PBXVariantGroup section */
		42D80E4B291273F700197817 /* Main.storyboard */ = {
			isa = PBXVariantGroup;
			children = (
				42D80E4C291273F700197817 /* Base */,
			);
			name = Main.storyboard;
			sourceTree = "<group>";
		};
		42D80E53291273F800197817 /* LaunchScreen.storyboard */ = {
			isa = PBXVariantGroup;
			children = (
				42D80E54291273F800197817 /* Base */,
			);
			name = LaunchScreen.storyboard;
			sourceTree = "<group>";
		};
/* End PBXVariantGroup section */

/* Begin XCBuildConfiguration section */
		42D80E6D291273F800197817 /* Debug */ = {
			isa = XCBuildConfiguration;
			buildSettings = {
				ALWAYS_SEARCH_USER_PATHS = NO;
				CLANG_ANALYZER_NONNULL = YES;
				CLANG_ANALYZER_NUMBER_OBJECT_CONVERSION = YES_AGGRESSIVE;
				CLANG_CXX_LANGUAGE_STANDARD = "gnu++20";
				CLANG_ENABLE_MODULES = YES;
				CLANG_ENABLE_OBJC_ARC = YES;
				CLANG_ENABLE_OBJC_WEAK = YES;
				CLANG_WARN_BLOCK_CAPTURE_AUTORELEASING = YES;
				CLANG_WARN_BOOL_CONVERSION = YES;
				CLANG_WARN_COMMA = YES;
				CLANG_WARN_CONSTANT_CONVERSION = YES;
				CLANG_WARN_DEPRECATED_OBJC_IMPLEMENTATIONS = YES;
				CLANG_WARN_DIRECT_OBJC_ISA_USAGE = YES_ERROR;
				CLANG_WARN_DOCUMENTATION_COMMENTS = YES;
				CLANG_WARN_EMPTY_BODY = YES;
				CLANG_WARN_ENUM_CONVERSION = YES;
				CLANG_WARN_INFINITE_RECURSION = YES;
				CLANG_WARN_INT_CONVERSION = YES;
				CLANG_WARN_NON_LITERAL_NULL_CONVERSION = YES;
				CLANG_WARN_OBJC_IMPLICIT_RETAIN_SELF = YES;
				CLANG_WARN_OBJC_LITERAL_CONVERSION = YES;
				CLANG_WARN_OBJC_ROOT_CLASS = YES_ERROR;
				CLANG_WARN_QUOTED_INCLUDE_IN_FRAMEWORK_HEADER = YES;
				CLANG_WARN_RANGE_LOOP_ANALYSIS = YES;
				CLANG_WARN_STRICT_PROTOTYPES = YES;
				CLANG_WARN_SUSPICIOUS_MOVE = YES;
				CLANG_WARN_UNGUARDED_AVAILABILITY = YES_AGGRESSIVE;
				CLANG_WARN_UNREACHABLE_CODE = YES;
				CLANG_WARN__DUPLICATE_METHOD_MATCH = YES;
				COPY_PHASE_STRIP = NO;
				DEBUG_INFORMATION_FORMAT = dwarf;
				ENABLE_STRICT_OBJC_MSGSEND = YES;
				ENABLE_TESTABILITY = YES;
				GCC_C_LANGUAGE_STANDARD = gnu11;
				GCC_DYNAMIC_NO_PIC = NO;
				GCC_NO_COMMON_BLOCKS = YES;
				GCC_OPTIMIZATION_LEVEL = 0;
				GCC_PREPROCESSOR_DEFINITIONS = (
					"DEBUG=1",
					"$(inherited)",
				);
				GCC_WARN_64_TO_32_BIT_CONVERSION = YES;
				GCC_WARN_ABOUT_RETURN_TYPE = YES_ERROR;
				GCC_WARN_UNDECLARED_SELECTOR = YES;
				GCC_WARN_UNINITIALIZED_AUTOS = YES_AGGRESSIVE;
				GCC_WARN_UNUSED_FUNCTION = YES;
				GCC_WARN_UNUSED_VARIABLE = YES;
				IPHONEOS_DEPLOYMENT_TARGET = 16.0;
				MTL_ENABLE_DEBUG_INFO = INCLUDE_SOURCE;
				MTL_FAST_MATH = YES;
				ONLY_ACTIVE_ARCH = YES;
				SDKROOT = iphoneos;
				SWIFT_ACTIVE_COMPILATION_CONDITIONS = DEBUG;
				SWIFT_OPTIMIZATION_LEVEL = "-Onone";
			};
			name = Debug;
		};
		42D80E6E291273F800197817 /* Release */ = {
			isa = XCBuildConfiguration;
			buildSettings = {
				ALWAYS_SEARCH_USER_PATHS = NO;
				CLANG_ANALYZER_NONNULL = YES;
				CLANG_ANALYZER_NUMBER_OBJECT_CONVERSION = YES_AGGRESSIVE;
				CLANG_CXX_LANGUAGE_STANDARD = "gnu++20";
				CLANG_ENABLE_MODULES = YES;
				CLANG_ENABLE_OBJC_ARC = YES;
				CLANG_ENABLE_OBJC_WEAK = YES;
				CLANG_WARN_BLOCK_CAPTURE_AUTORELEASING = YES;
				CLANG_WARN_BOOL_CONVERSION = YES;
				CLANG_WARN_COMMA = YES;
				CLANG_WARN_CONSTANT_CONVERSION = YES;
				CLANG_WARN_DEPRECATED_OBJC_IMPLEMENTATIONS = YES;
				CLANG_WARN_DIRECT_OBJC_ISA_USAGE = YES_ERROR;
				CLANG_WARN_DOCUMENTATION_COMMENTS = YES;
				CLANG_WARN_EMPTY_BODY = YES;
				CLANG_WARN_ENUM_CONVERSION = YES;
				CLANG_WARN_INFINITE_RECURSION = YES;
				CLANG_WARN_INT_CONVERSION = YES;
				CLANG_WARN_NON_LITERAL_NULL_CONVERSION = YES;
				CLANG_WARN_OBJC_IMPLICIT_RETAIN_SELF = YES;
				CLANG_WARN_OBJC_LITERAL_CONVERSION = YES;
				CLANG_WARN_OBJC_ROOT_CLASS = YES_ERROR;
				CLANG_WARN_QUOTED_INCLUDE_IN_FRAMEWORK_HEADER = YES;
				CLANG_WARN_RANGE_LOOP_ANALYSIS = YES;
				CLANG_WARN_STRICT_PROTOTYPES = YES;
				CLANG_WARN_SUSPICIOUS_MOVE = YES;
				CLANG_WARN_UNGUARDED_AVAILABILITY = YES_AGGRESSIVE;
				CLANG_WARN_UNREACHABLE_CODE = YES;
				CLANG_WARN__DUPLICATE_METHOD_MATCH = YES;
				COPY_PHASE_STRIP = NO;
				DEBUG_INFORMATION_FORMAT = "dwarf-with-dsym";
				ENABLE_NS_ASSERTIONS = NO;
				ENABLE_STRICT_OBJC_MSGSEND = YES;
				GCC_C_LANGUAGE_STANDARD = gnu11;
				GCC_NO_COMMON_BLOCKS = YES;
				GCC_WARN_64_TO_32_BIT_CONVERSION = YES;
				GCC_WARN_ABOUT_RETURN_TYPE = YES_ERROR;
				GCC_WARN_UNDECLARED_SELECTOR = YES;
				GCC_WARN_UNINITIALIZED_AUTOS = YES_AGGRESSIVE;
				GCC_WARN_UNUSED_FUNCTION = YES;
				GCC_WARN_UNUSED_VARIABLE = YES;
				IPHONEOS_DEPLOYMENT_TARGET = 16.0;
				MTL_ENABLE_DEBUG_INFO = NO;
				MTL_FAST_MATH = YES;
				SDKROOT = iphoneos;
				SWIFT_COMPILATION_MODE = wholemodule;
				SWIFT_OPTIMIZATION_LEVEL = "-O";
				VALIDATE_PRODUCT = YES;
			};
			name = Release;
		};
		42D80E70291273F800197817 /* Debug */ = {
			isa = XCBuildConfiguration;
			buildSettings = {
				ASSETCATALOG_COMPILER_APPICON_NAME = AppIcon;
				ASSETCATALOG_COMPILER_GLOBAL_ACCENT_COLOR_NAME = AccentColor;
				CODE_SIGN_STYLE = Automatic;
				CURRENT_PROJECT_VERSION = 1;
				DEVELOPMENT_TEAM = 7M7M4RG9T2;
				GENERATE_INFOPLIST_FILE = YES;
				INFOPLIST_FILE = ConsoleBitVishank/Info.plist;
				INFOPLIST_KEY_UIApplicationSupportsIndirectInputEvents = YES;
				INFOPLIST_KEY_UILaunchStoryboardName = LaunchScreen;
				INFOPLIST_KEY_UIMainStoryboardFile = Main;
				INFOPLIST_KEY_UISupportedInterfaceOrientations = UIInterfaceOrientationPortrait;
				INFOPLIST_KEY_UISupportedInterfaceOrientations_iPad = "UIInterfaceOrientationLandscapeLeft UIInterfaceOrientationLandscapeRight UIInterfaceOrientationPortrait UIInterfaceOrientationPortraitUpsideDown";
				INFOPLIST_KEY_UIUserInterfaceStyle = Dark;
				LD_RUNPATH_SEARCH_PATHS = (
					"$(inherited)",
					"@executable_path/Frameworks",
				);
				MARKETING_VERSION = 1.0;
				PRODUCT_BUNDLE_IDENTIFIER = vishankraghav.ConsoleBitVishank;
				PRODUCT_NAME = "$(TARGET_NAME)";
				SUPPORTED_PLATFORMS = "iphoneos iphonesimulator";
				SUPPORTS_MACCATALYST = NO;
				SUPPORTS_MAC_DESIGNED_FOR_IPHONE_IPAD = NO;
				SWIFT_EMIT_LOC_STRINGS = YES;
				SWIFT_VERSION = 5.0;
				TARGETED_DEVICE_FAMILY = "1,2";
			};
			name = Debug;
		};
		42D80E71291273F800197817 /* Release */ = {
			isa = XCBuildConfiguration;
			buildSettings = {
				ASSETCATALOG_COMPILER_APPICON_NAME = AppIcon;
				ASSETCATALOG_COMPILER_GLOBAL_ACCENT_COLOR_NAME = AccentColor;
				CODE_SIGN_STYLE = Automatic;
				CURRENT_PROJECT_VERSION = 1;
				DEVELOPMENT_TEAM = 7M7M4RG9T2;
				GENERATE_INFOPLIST_FILE = YES;
				INFOPLIST_FILE = ConsoleBitVishank/Info.plist;
				INFOPLIST_KEY_UIApplicationSupportsIndirectInputEvents = YES;
				INFOPLIST_KEY_UILaunchStoryboardName = LaunchScreen;
				INFOPLIST_KEY_UIMainStoryboardFile = Main;
				INFOPLIST_KEY_UISupportedInterfaceOrientations = UIInterfaceOrientationPortrait;
				INFOPLIST_KEY_UISupportedInterfaceOrientations_iPad = "UIInterfaceOrientationLandscapeLeft UIInterfaceOrientationLandscapeRight UIInterfaceOrientationPortrait UIInterfaceOrientationPortraitUpsideDown";
				INFOPLIST_KEY_UIUserInterfaceStyle = Dark;
				LD_RUNPATH_SEARCH_PATHS = (
					"$(inherited)",
					"@executable_path/Frameworks",
				);
				MARKETING_VERSION = 1.0;
				PRODUCT_BUNDLE_IDENTIFIER = vishankraghav.ConsoleBitVishank;
				PRODUCT_NAME = "$(TARGET_NAME)";
				SUPPORTED_PLATFORMS = "iphoneos iphonesimulator";
				SUPPORTS_MACCATALYST = NO;
				SUPPORTS_MAC_DESIGNED_FOR_IPHONE_IPAD = NO;
				SWIFT_EMIT_LOC_STRINGS = YES;
				SWIFT_VERSION = 5.0;
				TARGETED_DEVICE_FAMILY = "1,2";
			};
			name = Release;
		};
		42D80E73291273F800197817 /* Debug */ = {
			isa = XCBuildConfiguration;
			buildSettings = {
				ALWAYS_EMBED_SWIFT_STANDARD_LIBRARIES = YES;
				BUNDLE_LOADER = "$(TEST_HOST)";
				CODE_SIGN_STYLE = Automatic;
				CURRENT_PROJECT_VERSION = 1;
				DEVELOPMENT_TEAM = 7M7M4RG9T2;
				GENERATE_INFOPLIST_FILE = YES;
				IPHONEOS_DEPLOYMENT_TARGET = 16.0;
				MARKETING_VERSION = 1.0;
				PRODUCT_BUNDLE_IDENTIFIER = vishankraghav.ConsoleBitVishankTests;
				PRODUCT_NAME = "$(TARGET_NAME)";
				SWIFT_EMIT_LOC_STRINGS = NO;
				SWIFT_VERSION = 5.0;
				TARGETED_DEVICE_FAMILY = "1,2";
				TEST_HOST = "$(BUILT_PRODUCTS_DIR)/ConsoleBitVishank.app/$(BUNDLE_EXECUTABLE_FOLDER_PATH)/ConsoleBitVishank";
			};
			name = Debug;
		};
		42D80E74291273F800197817 /* Release */ = {
			isa = XCBuildConfiguration;
			buildSettings = {
				ALWAYS_EMBED_SWIFT_STANDARD_LIBRARIES = YES;
				BUNDLE_LOADER = "$(TEST_HOST)";
				CODE_SIGN_STYLE = Automatic;
				CURRENT_PROJECT_VERSION = 1;
				DEVELOPMENT_TEAM = 7M7M4RG9T2;
				GENERATE_INFOPLIST_FILE = YES;
				IPHONEOS_DEPLOYMENT_TARGET = 16.0;
				MARKETING_VERSION = 1.0;
				PRODUCT_BUNDLE_IDENTIFIER = vishankraghav.ConsoleBitVishankTests;
				PRODUCT_NAME = "$(TARGET_NAME)";
				SWIFT_EMIT_LOC_STRINGS = NO;
				SWIFT_VERSION = 5.0;
				TARGETED_DEVICE_FAMILY = "1,2";
				TEST_HOST = "$(BUILT_PRODUCTS_DIR)/ConsoleBitVishank.app/$(BUNDLE_EXECUTABLE_FOLDER_PATH)/ConsoleBitVishank";
			};
			name = Release;
		};
		42D80E76291273F800197817 /* Debug */ = {
			isa = XCBuildConfiguration;
			buildSettings = {
				ALWAYS_EMBED_SWIFT_STANDARD_LIBRARIES = YES;
				CODE_SIGN_STYLE = Automatic;
				CURRENT_PROJECT_VERSION = 1;
				DEVELOPMENT_TEAM = 7M7M4RG9T2;
				GENERATE_INFOPLIST_FILE = YES;
				MARKETING_VERSION = 1.0;
				PRODUCT_BUNDLE_IDENTIFIER = vishankraghav.ConsoleBitVishankUITests;
				PRODUCT_NAME = "$(TARGET_NAME)";
				SWIFT_EMIT_LOC_STRINGS = NO;
				SWIFT_VERSION = 5.0;
				TARGETED_DEVICE_FAMILY = "1,2";
				TEST_TARGET_NAME = ConsoleBitVishank;
			};
			name = Debug;
		};
		42D80E77291273F800197817 /* Release */ = {
			isa = XCBuildConfiguration;
			buildSettings = {
				ALWAYS_EMBED_SWIFT_STANDARD_LIBRARIES = YES;
				CODE_SIGN_STYLE = Automatic;
				CURRENT_PROJECT_VERSION = 1;
				DEVELOPMENT_TEAM = 7M7M4RG9T2;
				GENERATE_INFOPLIST_FILE = YES;
				MARKETING_VERSION = 1.0;
				PRODUCT_BUNDLE_IDENTIFIER = vishankraghav.ConsoleBitVishankUITests;
				PRODUCT_NAME = "$(TARGET_NAME)";
				SWIFT_EMIT_LOC_STRINGS = NO;
				SWIFT_VERSION = 5.0;
				TARGETED_DEVICE_FAMILY = "1,2";
				TEST_TARGET_NAME = ConsoleBitVishank;
			};
			name = Release;
		};
/* End XCBuildConfiguration section */

/* Begin XCConfigurationList section */
		42D80E3D291273F600197817 /* Build configuration list for PBXProject "ConsoleBitVishank" */ = {
			isa = XCConfigurationList;
			buildConfigurations = (
				42D80E6D291273F800197817 /* Debug */,
				42D80E6E291273F800197817 /* Release */,
			);
			defaultConfigurationIsVisible = 0;
			defaultConfigurationName = Release;
		};
		42D80E6F291273F800197817 /* Build configuration list for PBXNativeTarget "ConsoleBitVishank" */ = {
			isa = XCConfigurationList;
			buildConfigurations = (
				42D80E70291273F800197817 /* Debug */,
				42D80E71291273F800197817 /* Release */,
			);
			defaultConfigurationIsVisible = 0;
			defaultConfigurationName = Release;
		};
		42D80E72291273F800197817 /* Build configuration list for PBXNativeTarget "ConsoleBitVishankTests" */ = {
			isa = XCConfigurationList;
			buildConfigurations = (
				42D80E73291273F800197817 /* Debug */,
				42D80E74291273F800197817 /* Release */,
			);
			defaultConfigurationIsVisible = 0;
			defaultConfigurationName = Release;
		};
		42D80E75291273F800197817 /* Build configuration list for PBXNativeTarget "ConsoleBitVishankUITests" */ = {
			isa = XCConfigurationList;
			buildConfigurations = (
				42D80E76291273F800197817 /* Debug */,
				42D80E77291273F800197817 /* Release */,
			);
			defaultConfigurationIsVisible = 0;
			defaultConfigurationName = Release;
		};
/* End XCConfigurationList section */

/* Begin XCRemoteSwiftPackageReference section */
		42CFEFF32912DBB300F11383 /* XCRemoteSwiftPackageReference "SwiftKeychainWrapper" */ = {
			isa = XCRemoteSwiftPackageReference;
			repositoryURL = "https://github.com/jrendel/SwiftKeychainWrapper";
			requirement = {
				kind = upToNextMajorVersion;
				minimumVersion = 4.0.0;
			};
		};
		42D80E782912760800197817 /* XCRemoteSwiftPackageReference "Alamofire" */ = {
			isa = XCRemoteSwiftPackageReference;
			repositoryURL = "https://github.com/Alamofire/Alamofire.git";
			requirement = {
				kind = upToNextMajorVersion;
				minimumVersion = 5.0.0;
			};
		};
/* End XCRemoteSwiftPackageReference section */

/* Begin XCSwiftPackageProductDependency section */
		42CFEFF42912DBB300F11383 /* SwiftKeychainWrapper */ = {
			isa = XCSwiftPackageProductDependency;
			package = 42CFEFF32912DBB300F11383 /* XCRemoteSwiftPackageReference "SwiftKeychainWrapper" */;
			productName = SwiftKeychainWrapper;
		};
		42D80E792912760900197817 /* Alamofire */ = {
			isa = XCSwiftPackageProductDependency;
			package = 42D80E782912760800197817 /* XCRemoteSwiftPackageReference "Alamofire" */;
			productName = Alamofire;
		};
/* End XCSwiftPackageProductDependency section */

/* Begin XCVersionGroup section */
		42131DC32913DBD00064AB96 /* ConsoleBitVishank.xcdatamodeld */ = {
			isa = XCVersionGroup;
			children = (
				42131DC42913DBD00064AB96 /* ConsoleBitVishank.xcdatamodel */,
			);
			currentVersion = 42131DC42913DBD00064AB96 /* ConsoleBitVishank.xcdatamodel */;
			path = ConsoleBitVishank.xcdatamodeld;
			sourceTree = "<group>";
			versionGroupType = wrapper.xcdatamodel;
		};
/* End XCVersionGroup section */
	};
	rootObject = 42D80E3A291273F600197817 /* Project object */;
}
