// !$*UTF8*$!
{
	archiveVersion = 1;
	classes = {
	};
	objectVersion = 56;
	objects = {

/* Begin PBXBuildFile section */
		42D80E46291273F600197817 /* AppDelegate.swift in Sources */ = {isa = PBXBuildFile; fileRef = 42D80E45291273F600197817 /* AppDelegate.swift */; };
		42D80E48291273F700197817 /* SceneDelegate.swift in Sources */ = {isa = PBXBuildFile; fileRef = 42D80E47291273F700197817 /* SceneDelegate.swift */; };
		42D80E4A291273F700197817 /* ViewController.swift in Sources */ = {isa = PBXBuildFile; fileRef = 42D80E49291273F700197817 /* ViewController.swift */; };
		42D80E4D291273F700197817 /* Main.storyboard in Resources */ = {isa = PBXBuildFile; fileRef = 42D80E4B291273F700197817 /* Main.storyboard */; };
		42D80E50291273F700197817 /* ConsoleBitVishank.xcdatamodeld in Sources */ = {isa = PBXBuildFile; fileRef = 42D80E4E291273F700197817 /* ConsoleBitVishank.xcdatamodeld */; };
		42D80E52291273F800197817 /* Assets.xcassets in Resources */ = {isa = PBXBuildFile; fileRef = 42D80E51291273F800197817 /* Assets.xcassets */; };
		42D80E55291273F800197817 /* LaunchScreen.storyboard in Resources */ = {isa = PBXBuildFile; fileRef = 42D80E53291273F800197817 /* LaunchScreen.storyboard */; };
		42D80E60291273F800197817 /* ConsoleBitVishankTests.swift in Sources */ = {isa = PBXBuildFile; fileRef = 42D80E5F291273F800197817 /* ConsoleBitVishankTests.swift */; };
		42D80E6A291273F800197817 /* ConsoleBitVishankUITests.swift in Sources */ = {isa = PBXBuildFile; fileRef = 42D80E69291273F800197817 /* ConsoleBitVishankUITests.swift */; };
		42D80E6C291273F800197817 /* ConsoleBitVishankUITestsLaunchTests.swift in Sources */ = {isa = PBXBuildFile; fileRef = 42D80E6B291273F800197817 /* ConsoleBitVishankUITestsLaunchTests.swift */; };
		42D80E7A2912760900197817 /* Alamofire in Frameworks */ = {isa = PBXBuildFile; productRef = 42D80E792912760900197817 /* Alamofire */; };
/* End PBXBuildFile section */

/* Begin PBXContainerItemProxy section */
		42D80E5C291273F800197817 /* PBXContainerItemProxy */ = {
			isa = PBXContainerItemProxy;
			containerPortal = 42D80E3A291273F600197817 /* Project object */;
			proxyType = 1;
			remoteGlobalIDString = 42D80E41291273F600197817;
			remoteInfo = ConsoleBitVishank;
		};
		42D80E66291273F800197817 /* PBXContainerItemProxy */ = {
			isa = PBXContainerItemProxy;
			containerPortal = 42D80E3A291273F600197817 /* Project object */;
			proxyType = 1;
			remoteGlobalIDString = 42D80E41291273F600197817;
			remoteInfo = ConsoleBitVishank;
		};
/* End PBXContainerItemProxy section */

/* Begin PBXFileReference section */
		42D80E42291273F600197817 /* ConsoleBitVishank.app */ = {isa = PBXFileReference; explicitFileType = wrapper.application; includeInIndex = 0; path = ConsoleBitVishank.app; sourceTree = BUILT_PRODUCTS_DIR; };
		42D80E45291273F600197817 /* AppDelegate.swift */ = {isa = PBXFileReference; lastKnownFileType = sourcecode.swift; path = AppDelegate.swift; sourceTree = "<group>"; };
		42D80E47291273F700197817 /* SceneDelegate.swift */ = {isa = PBXFileReference; lastKnownFileType = sourcecode.swift; path = SceneDelegate.swift; sourceTree = "<group>"; };
		42D80E49291273F700197817 /* ViewController.swift */ = {isa = PBXFileReference; lastKnownFileType = sourcecode.swift; path = ViewController.swift; sourceTree = "<group>"; };
		42D80E4C291273F700197817 /* Base */ = {isa = PBXFileReference; lastKnownFileType = file.storyboard; name = Base; path = Base.lproj/Main.storyboard; sourceTree = "<group>"; };
		42D80E4F291273F700197817 /* ConsoleBitVishank.xcdatamodel */ = {isa = PBXFileReference; lastKnownFileType = wrapper.xcdatamodel; path = ConsoleBitVishank.xcdatamodel; sourceTree = "<group>"; };
		42D80E51291273F800197817 /* Assets.xcassets */ = {isa = PBXFileReference; lastKnownFileType = folder.assetcatalog; path = Assets.xcassets; sourceTree = "<group>"; };
		42D80E54291273F800197817 /* Base */ = {isa = PBXFileReference; lastKnownFileType = file.storyboard; name = Base; path = Base.lproj/LaunchScreen.storyboard; sourceTree = "<group>"; };
		42D80E56291273F800197817 /* Info.plist */ = {isa = PBXFileReference; lastKnownFileType = text.plist.xml; path = Info.plist; sourceTree = "<group>"; };
		42D80E5B291273F800197817 /* ConsoleBitVishankTests.xctest */ = {isa = PBXFileReference; explicitFileType = wrapper.cfbundle; includeInIndex = 0; path = ConsoleBitVishankTests.xctest; sourceTree = BUILT_PRODUCTS_DIR; };
		42D80E5F291273F800197817 /* ConsoleBitVishankTests.swift */ = {isa = PBXFileReference; lastKnownFileType = sourcecode.swift; path = ConsoleBitVishankTests.swift; sourceTree = "<group>"; };
		42D80E65291273F800197817 /* ConsoleBitVishankUITests.xctest */ = {isa = PBXFileReference; explicitFileType = wrapper.cfbundle; includeInIndex = 0; path = ConsoleBitVishankUITests.xctest; sourceTree = BUILT_PRODUCTS_DIR; };
		42D80E69291273F800197817 /* ConsoleBitVishankUITests.swift */ = {isa = PBXFileReference; lastKnownFileType = sourcecode.swift; path = ConsoleBitVishankUITests.swift; sourceTree = "<group>"; };
		42D80E6B291273F800197817 /* ConsoleBitVishankUITestsLaunchTests.swift */ = {isa = PBXFileReference; lastKnownFileType = sourcecode.swift; path = ConsoleBitVishankUITestsLaunchTests.swift; sourceTree = "<group>"; };
/* End PBXFileReference section */

/* Begin PBXFrameworksBuildPhase section */
		42D80E3F291273F600197817 /* Frameworks */ = {
			isa = PBXFrameworksBuildPhase;
			buildActionMask = 2147483647;
			files = (
				42D80E7A2912760900197817 /* Alamofire in Frameworks */,
			);
			runOnlyForDeploymentPostprocessing = 0;
		};
		42D80E58291273F800197817 /* Frameworks */ = {
			isa = PBXFrameworksBuildPhase;
			buildActionMask = 2147483647;
			files = (
			);
			runOnlyForDeploymentPostprocessing = 0;
		};
		42D80E62291273F800197817 /* Frameworks */ = {
			isa = PBXFrameworksBuildPhase;
			buildActionMask = 2147483647;
			files = (
			);
			runOnlyForDeploymentPostprocessing = 0;
		};
/* End PBXFrameworksBuildPhase section */

/* Begin PBXGroup section */
		42D80E39291273F600197817 = {
			isa = PBXGroup;
			children = (
				42D80E44291273F600197817 /* ConsoleBitVishank */,
				42D80E5E291273F800197817 /* ConsoleBitVishankTests */,
				42D80E68291273F800197817 /* ConsoleBitVishankUITests */,
				42D80E43291273F600197817 /* Products */,
			);
			sourceTree = "<group>";
		};
		42D80E43291273F600197817 /* Products */ = {
			isa = PBXGroup;
			children = (
				42D80E42291273F600197817 /* ConsoleBitVishank.app */,
				42D80E5B291273F800197817 /* ConsoleBitVishankTests.xctest */,
				42D80E65291273F800197817 /* ConsoleBitVishankUITests.xctest */,
			);
			name = Products;
			sourceTree = "<group>";
		};
		42D80E44291273F600197817 /* ConsoleBitVishank */ = {
			isa = PBXGroup;
			children = (
				42D80E45291273F600197817 /* AppDelegate.swift */,
				42D80E47291273F700197817 /* SceneDelegate.swift */,
				42D80E49291273F700197817 /* ViewController.swift */,
				42D80E4B291273F700197817 /* Main.storyboard */,
				42D80E51291273F800197817 /* Assets.xcassets */,
				42D80E53291273F800197817 /* LaunchScreen.storyboard */,
				42D80E56291273F800197817 /* Info.plist */,
				42D80E4E291273F700197817 /* ConsoleBitVishank.xcdatamodeld */,
			);
			path = ConsoleBitVishank;
			sourceTree = "<group>";
		};
		42D80E5E291273F800197817 /* ConsoleBitVishankTests */ = {
			isa = PBXGroup;
			children = (
				42D80E5F291273F800197817 /* ConsoleBitVishankTests.swift */,
			);
			path = ConsoleBitVishankTests;
			sourceTree = "<group>";
		};
		42D80E68291273F800197817 /* ConsoleBitVishankUITests */ = {
			isa = PBXGroup;
			children = (
				42D80E69291273F800197817 /* ConsoleBitVishankUITests.swift */,
				42D80E6B291273F800197817 /* ConsoleBitVishankUITestsLaunchTests.swift */,
			);
			path = ConsoleBitVishankUITests;
			sourceTree = "<group>";
		};
/* End PBXGroup section */

/* Begin PBXNativeTarget section */
		42D80E41291273F600197817 /* ConsoleBitVishank */ = {
			isa = PBXNativeTarget;
			buildConfigurationList = 42D80E6F291273F800197817 /* Build configuration list for PBXNativeTarget "ConsoleBitVishank" */;
			buildPhases = (
				42D80E3E291273F600197817 /* Sources */,
				42D80E3F291273F600197817 /* Frameworks */,
				42D80E40291273F600197817 /* Resources */,
			);
			buildRules = (
			);
			dependencies = (
			);
			name = ConsoleBitVishank;
			packageProductDependencies = (
				42D80E792912760900197817 /* Alamofire */,
			);
			productName = ConsoleBitVishank;
			productReference = 42D80E42291273F600197817 /* ConsoleBitVishank.app */;
			productType = "com.apple.product-type.application";
		};
		42D80E5A291273F800197817 /* ConsoleBitVishankTests */ = {
			isa = PBXNativeTarget;
			buildConfigurationList = 42D80E72291273F800197817 /* Build configuration list for PBXNativeTarget "ConsoleBitVishankTests" */;
			buildPhases = (
				42D80E57291273F800197817 /* Sources */,
				42D80E58291273F800197817 /* Frameworks */,
				42D80E59291273F800197817 /* Resources */,
			);
			buildRules = (
			);
			dependencies = (
				42D80E5D291273F800197817 /* PBXTargetDependency */,
			);
			name = ConsoleBitVishankTests;
			productName = ConsoleBitVishankTests;
			productReference = 42D80E5B291273F800197817 /* ConsoleBitVishankTests.xctest */;
			productType = "com.apple.product-type.bundle.unit-test";
		};
		42D80E64291273F800197817 /* ConsoleBitVishankUITests */ = {
			isa = PBXNativeTarget;
			buildConfigurationList = 42D80E75291273F800197817 /* Build configuration list for PBXNativeTarget "ConsoleBitVishankUITests" */;
			buildPhases = (
				42D80E61291273F800197817 /* Sources */,
				42D80E62291273F800197817 /* Frameworks */,
				42D80E63291273F800197817 /* Resources */,
			);
			buildRules = (
			);
			dependencies = (
				42D80E67291273F800197817 /* PBXTargetDependency */,
			);
			name = ConsoleBitVishankUITests;
			productName = ConsoleBitVishankUITests;
			productReference = 42D80E65291273F800197817 /* ConsoleBitVishankUITests.xctest */;
			productType = "com.apple.product-type.bundle.ui-testing";
		};
/* End PBXNativeTarget section */

/* Begin PBXProject section */
		42D80E3A291273F600197817 /* Project object */ = {
			isa = PBXProject;
			attributes = {
				BuildIndependentTargetsInParallel = 1;
				LastSwiftUpdateCheck = 1400;
				LastUpgradeCheck = 1400;
				TargetAttributes = {
					42D80E41291273F600197817 = {
						CreatedOnToolsVersion = 14.0.1;
					};
					42D80E5A291273F800197817 = {
						CreatedOnToolsVersion = 14.0.1;
						TestTargetID = 42D80E41291273F600197817;
					};
					42D80E64291273F800197817 = {
						CreatedOnToolsVersion = 14.0.1;
						TestTargetID = 42D80E41291273F600197817;
					};
				};
			};
			buildConfigurationList = 42D80E3D291273F600197817 /* Build configuration list for PBXProject "ConsoleBitVishank" */;
			compatibilityVersion = "Xcode 14.0";
			developmentRegion = en;
			hasScannedForEncodings = 0;
			knownRegions = (
				en,
				Base,
			);
			mainGroup = 42D80E39291273F600197817;
			packageReferences = (
				42D80E782912760800197817 /* XCRemoteSwiftPackageReference "Alamofire" */,
			);
			productRefGroup = 42D80E43291273F600197817 /* Products */;
			projectDirPath = "";
			projectRoot = "";
			targets = (
				42D80E41291273F600197817 /* ConsoleBitVishank */,
				42D80E5A291273F800197817 /* ConsoleBitVishankTests */,
				42D80E64291273F800197817 /* ConsoleBitVishankUITests */,
			);
		};
/* End PBXProject section */

/* Begin PBXResourcesBuildPhase section */
		42D80E40291273F600197817 /* Resources */ = {
			isa = PBXResourcesBuildPhase;
			buildActionMask = 2147483647;
			files = (
				42D80E55291273F800197817 /* LaunchScreen.storyboard in Resources */,
				42D80E52291273F800197817 /* Assets.xcassets in Resources */,
				42D80E4D291273F700197817 /* Main.storyboard in Resources */,
			);
			runOnlyForDeploymentPostprocessing = 0;
		};
		42D80E59291273F800197817 /* Resources */ = {
			isa = PBXResourcesBuildPhase;
			buildActionMask = 2147483647;
			files = (
			);
			runOnlyForDeploymentPostprocessing = 0;
		};
		42D80E63291273F800197817 /* Resources */ = {
			isa = PBXResourcesBuildPhase;
			buildActionMask = 2147483647;
			files = (
			);
			runOnlyForDeploymentPostprocessing = 0;
		};
/* End PBXResourcesBuildPhase section */

/* Begin PBXSourcesBuildPhase section */
		42D80E3E291273F600197817 /* Sources */ = {
			isa = PBXSourcesBuildPhase;
			buildActionMask = 2147483647;
			files = (
				42D80E50291273F700197817 /* ConsoleBitVishank.xcdatamodeld in Sources */,
				42D80E4A291273F700197817 /* ViewController.swift in Sources */,
				42D80E46291273F600197817 /* AppDelegate.swift in Sources */,
				42D80E48291273F700197817 /* SceneDelegate.swift in Sources */,
			);
			runOnlyForDeploymentPostprocessing = 0;
		};
		42D80E57291273F800197817 /* Sources */ = {
			isa = PBXSourcesBuildPhase;
			buildActionMask = 2147483647;
			files = (
				42D80E60291273F800197817 /* ConsoleBitVishankTests.swift in Sources */,
			);
			runOnlyForDeploymentPostprocessing = 0;
		};
		42D80E61291273F800197817 /* Sources */ = {
			isa = PBXSourcesBuildPhase;
			buildActionMask = 2147483647;
			files = (
				42D80E6A291273F800197817 /* ConsoleBitVishankUITests.swift in Sources */,
				42D80E6C291273F800197817 /* ConsoleBitVishankUITestsLaunchTests.swift in Sources */,
			);
			runOnlyForDeploymentPostprocessing = 0;
		};
/* End PBXSourcesBuildPhase section */

/* Begin PBXTargetDependency section */
		42D80E5D291273F800197817 /* PBXTargetDependency */ = {
			isa = PBXTargetDependency;
			target = 42D80E41291273F600197817 /* ConsoleBitVishank */;
			targetProxy = 42D80E5C291273F800197817 /* PBXContainerItemProxy */;
		};
		42D80E67291273F800197817 /* PBXTargetDependency */ = {
			isa = PBXTargetDependency;
			target = 42D80E41291273F600197817 /* ConsoleBitVishank */;
			targetProxy = 42D80E66291273F800197817 /* PBXContainerItemProxy */;
		};
/* End PBXTargetDependency section */

/* Begin PBXVariantGroup section */
		42D80E4B291273F700197817 /* Main.storyboard */ = {
			isa = PBXVariantGroup;
			children = (
				42D80E4C291273F700197817 /* Base */,
			);
			name = Main.storyboard;
			sourceTree = "<group>";
		};
		42D80E53291273F800197817 /* LaunchScreen.storyboard */ = {
			isa = PBXVariantGroup;
			children = (
				42D80E54291273F800197817 /* Base */,
			);
			name = LaunchScreen.storyboard;
			sourceTree = "<group>";
		};
/* End PBXVariantGroup section */

/* Begin XCBuildConfiguration section */
		42D80E6D291273F800197817 /* Debug */ = {
			isa = XCBuildConfiguration;
			buildSettings = {
				ALWAYS_SEARCH_USER_PATHS = NO;
				CLANG_ANALYZER_NONNULL = YES;
				CLANG_ANALYZER_NUMBER_OBJECT_CONVERSION = YES_AGGRESSIVE;
				CLANG_CXX_LANGUAGE_STANDARD = "gnu++20";
				CLANG_ENABLE_MODULES = YES;
				CLANG_ENABLE_OBJC_ARC = YES;
				CLANG_ENABLE_OBJC_WEAK = YES;
				CLANG_WARN_BLOCK_CAPTURE_AUTORELEASING = YES;
				CLANG_WARN_BOOL_CONVERSION = YES;
				CLANG_WARN_COMMA = YES;
				CLANG_WARN_CONSTANT_CONVERSION = YES;
				CLANG_WARN_DEPRECATED_OBJC_IMPLEMENTATIONS = YES;
				CLANG_WARN_DIRECT_OBJC_ISA_USAGE = YES_ERROR;
				CLANG_WARN_DOCUMENTATION_COMMENTS = YES;
				CLANG_WARN_EMPTY_BODY = YES;
				CLANG_WARN_ENUM_CONVERSION = YES;
				CLANG_WARN_INFINITE_RECURSION = YES;
				CLANG_WARN_INT_CONVERSION = YES;
				CLANG_WARN_NON_LITERAL_NULL_CONVERSION = YES;
				CLANG_WARN_OBJC_IMPLICIT_RETAIN_SELF = YES;
				CLANG_WARN_OBJC_LITERAL_CONVERSION = YES;
				CLANG_WARN_OBJC_ROOT_CLASS = YES_ERROR;
				CLANG_WARN_QUOTED_INCLUDE_IN_FRAMEWORK_HEADER = YES;
				CLANG_WARN_RANGE_LOOP_ANALYSIS = YES;
				CLANG_WARN_STRICT_PROTOTYPES = YES;
				CLANG_WARN_SUSPICIOUS_MOVE = YES;
				CLANG_WARN_UNGUARDED_AVAILABILITY = YES_AGGRESSIVE;
				CLANG_WARN_UNREACHABLE_CODE = YES;
				CLANG_WARN__DUPLICATE_METHOD_MATCH = YES;
				COPY_PHASE_STRIP = NO;
				DEBUG_INFORMATION_FORMAT = dwarf;
				ENABLE_STRICT_OBJC_MSGSEND = YES;
				ENABLE_TESTABILITY = YES;
				GCC_C_LANGUAGE_STANDARD = gnu11;
				GCC_DYNAMIC_NO_PIC = NO;
				GCC_NO_COMMON_BLOCKS = YES;
				GCC_OPTIMIZATION_LEVEL = 0;
				GCC_PREPROCESSOR_DEFINITIONS = (
					"DEBUG=1",
					"$(inherited)",
				);
				GCC_WARN_64_TO_32_BIT_CONVERSION = YES;
				GCC_WARN_ABOUT_RETURN_TYPE = YES_ERROR;
				GCC_WARN_UNDECLARED_SELECTOR = YES;
				GCC_WARN_UNINITIALIZED_AUTOS = YES_AGGRESSIVE;
				GCC_WARN_UNUSED_FUNCTION = YES;
				GCC_WARN_UNUSED_VARIABLE = YES;
				IPHONEOS_DEPLOYMENT_TARGET = 16.0;
				MTL_ENABLE_DEBUG_INFO = INCLUDE_SOURCE;
				MTL_FAST_MATH = YES;
				ONLY_ACTIVE_ARCH = YES;
				SDKROOT = iphoneos;
				SWIFT_ACTIVE_COMPILATION_CONDITIONS = DEBUG;
				SWIFT_OPTIMIZATION_LEVEL = "-Onone";
			};
			name = Debug;
		};
		42D80E6E291273F800197817 /* Release */ = {
			isa = XCBuildConfiguration;
			buildSettings = {
				ALWAYS_SEARCH_USER_PATHS = NO;
				CLANG_ANALYZER_NONNULL = YES;
				CLANG_ANALYZER_NUMBER_OBJECT_CONVERSION = YES_AGGRESSIVE;
				CLANG_CXX_LANGUAGE_STANDARD = "gnu++20";
				CLANG_ENABLE_MODULES = YES;
				CLANG_ENABLE_OBJC_ARC = YES;
				CLANG_ENABLE_OBJC_WEAK = YES;
				CLANG_WARN_BLOCK_CAPTURE_AUTORELEASING = YES;
				CLANG_WARN_BOOL_CONVERSION = YES;
				CLANG_WARN_COMMA = YES;
				CLANG_WARN_CONSTANT_CONVERSION = YES;
				CLANG_WARN_DEPRECATED_OBJC_IMPLEMENTATIONS = YES;
				CLANG_WARN_DIRECT_OBJC_ISA_USAGE = YES_ERROR;
				CLANG_WARN_DOCUMENTATION_COMMENTS = YES;
				CLANG_WARN_EMPTY_BODY = YES;
				CLANG_WARN_ENUM_CONVERSION = YES;
				CLANG_WARN_INFINITE_RECURSION = YES;
				CLANG_WARN_INT_CONVERSION = YES;
				CLANG_WARN_NON_LITERAL_NULL_CONVERSION = YES;
				CLANG_WARN_OBJC_IMPLICIT_RETAIN_SELF = YES;
				CLANG_WARN_OBJC_LITERAL_CONVERSION = YES;
				CLANG_WARN_OBJC_ROOT_CLASS = YES_ERROR;
				CLANG_WARN_QUOTED_INCLUDE_IN_FRAMEWORK_HEADER = YES;
				CLANG_WARN_RANGE_LOOP_ANALYSIS = YES;
				CLANG_WARN_STRICT_PROTOTYPES = YES;
				CLANG_WARN_SUSPICIOUS_MOVE = YES;
				CLANG_WARN_UNGUARDED_AVAILABILITY = YES_AGGRESSIVE;
				CLANG_WARN_UNREACHABLE_CODE = YES;
				CLANG_WARN__DUPLICATE_METHOD_MATCH = YES;
				COPY_PHASE_STRIP = NO;
				DEBUG_INFORMATION_FORMAT = "dwarf-with-dsym";
				ENABLE_NS_ASSERTIONS = NO;
				ENABLE_STRICT_OBJC_MSGSEND = YES;
				GCC_C_LANGUAGE_STANDARD = gnu11;
				GCC_NO_COMMON_BLOCKS = YES;
				GCC_WARN_64_TO_32_BIT_CONVERSION = YES;
				GCC_WARN_ABOUT_RETURN_TYPE = YES_ERROR;
				GCC_WARN_UNDECLARED_SELECTOR = YES;
				GCC_WARN_UNINITIALIZED_AUTOS = YES_AGGRESSIVE;
				GCC_WARN_UNUSED_FUNCTION = YES;
				GCC_WARN_UNUSED_VARIABLE = YES;
				IPHONEOS_DEPLOYMENT_TARGET = 16.0;
				MTL_ENABLE_DEBUG_INFO = NO;
				MTL_FAST_MATH = YES;
				SDKROOT = iphoneos;
				SWIFT_COMPILATION_MODE = wholemodule;
				SWIFT_OPTIMIZATION_LEVEL = "-O";
				VALIDATE_PRODUCT = YES;
			};
			name = Release;
		};
		42D80E70291273F800197817 /* Debug */ = {
			isa = XCBuildConfiguration;
			buildSettings = {
				ASSETCATALOG_COMPILER_APPICON_NAME = AppIcon;
				ASSETCATALOG_COMPILER_GLOBAL_ACCENT_COLOR_NAME = AccentColor;
				CODE_SIGN_STYLE = Automatic;
				CURRENT_PROJECT_VERSION = 1;
				DEVELOPMENT_TEAM = 7M7M4RG9T2;
				GENERATE_INFOPLIST_FILE = YES;
				INFOPLIST_FILE = ConsoleBitVishank/Info.plist;
				INFOPLIST_KEY_UIApplicationSupportsIndirectInputEvents = YES;
				INFOPLIST_KEY_UILaunchStoryboardName = LaunchScreen;
				INFOPLIST_KEY_UIMainStoryboardFile = Main;
				INFOPLIST_KEY_UISupportedInterfaceOrientations = UIInterfaceOrientationPortrait;
				INFOPLIST_KEY_UISupportedInterfaceOrientations_iPad = "UIInterfaceOrientationLandscapeLeft UIInterfaceOrientationLandscapeRight UIInterfaceOrientationPortrait UIInterfaceOrientationPortraitUpsideDown";
				LD_RUNPATH_SEARCH_PATHS = (
					"$(inherited)",
					"@executable_path/Frameworks",
				);
				MARKETING_VERSION = 1.0;
				PRODUCT_BUNDLE_IDENTIFIER = vishankraghav.ConsoleBitVishank;
				PRODUCT_NAME = "$(TARGET_NAME)";
				SUPPORTED_PLATFORMS = "iphoneos iphonesimulator";
				SUPPORTS_MACCATALYST = NO;
				SUPPORTS_MAC_DESIGNED_FOR_IPHONE_IPAD = NO;
				SWIFT_EMIT_LOC_STRINGS = YES;
				SWIFT_VERSION = 5.0;
				TARGETED_DEVICE_FAMILY = "1,2";
			};
			name = Debug;
		};
		42D80E71291273F800197817 /* Release */ = {
			isa = XCBuildConfiguration;
			buildSettings = {
				ASSETCATALOG_COMPILER_APPICON_NAME = AppIcon;
				ASSETCATALOG_COMPILER_GLOBAL_ACCENT_COLOR_NAME = AccentColor;
				CODE_SIGN_STYLE = Automatic;
				CURRENT_PROJECT_VERSION = 1;
				DEVELOPMENT_TEAM = 7M7M4RG9T2;
				GENERATE_INFOPLIST_FILE = YES;
				INFOPLIST_FILE = ConsoleBitVishank/Info.plist;
				INFOPLIST_KEY_UIApplicationSupportsIndirectInputEvents = YES;
				INFOPLIST_KEY_UILaunchStoryboardName = LaunchScreen;
				INFOPLIST_KEY_UIMainStoryboardFile = Main;
				INFOPLIST_KEY_UISupportedInterfaceOrientations = UIInterfaceOrientationPortrait;
				INFOPLIST_KEY_UISupportedInterfaceOrientations_iPad = "UIInterfaceOrientationLandscapeLeft UIInterfaceOrientationLandscapeRight UIInterfaceOrientationPortrait UIInterfaceOrientationPortraitUpsideDown";
				LD_RUNPATH_SEARCH_PATHS = (
					"$(inherited)",
					"@executable_path/Frameworks",
				);
				MARKETING_VERSION = 1.0;
				PRODUCT_BUNDLE_IDENTIFIER = vishankraghav.ConsoleBitVishank;
				PRODUCT_NAME = "$(TARGET_NAME)";
				SUPPORTED_PLATFORMS = "iphoneos iphonesimulator";
				SUPPORTS_MACCATALYST = NO;
				SUPPORTS_MAC_DESIGNED_FOR_IPHONE_IPAD = NO;
				SWIFT_EMIT_LOC_STRINGS = YES;
				SWIFT_VERSION = 5.0;
				TARGETED_DEVICE_FAMILY = "1,2";
			};
			name = Release;
		};
		42D80E73291273F800197817 /* Debug */ = {
			isa = XCBuildConfiguration;
			buildSettings = {
				ALWAYS_EMBED_SWIFT_STANDARD_LIBRARIES = YES;
				BUNDLE_LOADER = "$(TEST_HOST)";
				CODE_SIGN_STYLE = Automatic;
				CURRENT_PROJECT_VERSION = 1;
				DEVELOPMENT_TEAM = 7M7M4RG9T2;
				GENERATE_INFOPLIST_FILE = YES;
				IPHONEOS_DEPLOYMENT_TARGET = 16.0;
				MARKETING_VERSION = 1.0;
				PRODUCT_BUNDLE_IDENTIFIER = vishankraghav.ConsoleBitVishankTests;
				PRODUCT_NAME = "$(TARGET_NAME)";
				SWIFT_EMIT_LOC_STRINGS = NO;
				SWIFT_VERSION = 5.0;
				TARGETED_DEVICE_FAMILY = "1,2";
				TEST_HOST = "$(BUILT_PRODUCTS_DIR)/ConsoleBitVishank.app/$(BUNDLE_EXECUTABLE_FOLDER_PATH)/ConsoleBitVishank";
			};
			name = Debug;
		};
		42D80E74291273F800197817 /* Release */ = {
			isa = XCBuildConfiguration;
			buildSettings = {
				ALWAYS_EMBED_SWIFT_STANDARD_LIBRARIES = YES;
				BUNDLE_LOADER = "$(TEST_HOST)";
				CODE_SIGN_STYLE = Automatic;
				CURRENT_PROJECT_VERSION = 1;
				DEVELOPMENT_TEAM = 7M7M4RG9T2;
				GENERATE_INFOPLIST_FILE = YES;
				IPHONEOS_DEPLOYMENT_TARGET = 16.0;
				MARKETING_VERSION = 1.0;
				PRODUCT_BUNDLE_IDENTIFIER = vishankraghav.ConsoleBitVishankTests;
				PRODUCT_NAME = "$(TARGET_NAME)";
				SWIFT_EMIT_LOC_STRINGS = NO;
				SWIFT_VERSION = 5.0;
				TARGETED_DEVICE_FAMILY = "1,2";
				TEST_HOST = "$(BUILT_PRODUCTS_DIR)/ConsoleBitVishank.app/$(BUNDLE_EXECUTABLE_FOLDER_PATH)/ConsoleBitVishank";
			};
			name = Release;
		};
		42D80E76291273F800197817 /* Debug */ = {
			isa = XCBuildConfiguration;
			buildSettings = {
				ALWAYS_EMBED_SWIFT_STANDARD_LIBRARIES = YES;
				CODE_SIGN_STYLE = Automatic;
				CURRENT_PROJECT_VERSION = 1;
				DEVELOPMENT_TEAM = 7M7M4RG9T2;
				GENERATE_INFOPLIST_FILE = YES;
				MARKETING_VERSION = 1.0;
				PRODUCT_BUNDLE_IDENTIFIER = vishankraghav.ConsoleBitVishankUITests;
				PRODUCT_NAME = "$(TARGET_NAME)";
				SWIFT_EMIT_LOC_STRINGS = NO;
				SWIFT_VERSION = 5.0;
				TARGETED_DEVICE_FAMILY = "1,2";
				TEST_TARGET_NAME = ConsoleBitVishank;
			};
			name = Debug;
		};
		42D80E77291273F800197817 /* Release */ = {
			isa = XCBuildConfiguration;
			buildSettings = {
				ALWAYS_EMBED_SWIFT_STANDARD_LIBRARIES = YES;
				CODE_SIGN_STYLE = Automatic;
				CURRENT_PROJECT_VERSION = 1;
				DEVELOPMENT_TEAM = 7M7M4RG9T2;
				GENERATE_INFOPLIST_FILE = YES;
				MARKETING_VERSION = 1.0;
				PRODUCT_BUNDLE_IDENTIFIER = vishankraghav.ConsoleBitVishankUITests;
				PRODUCT_NAME = "$(TARGET_NAME)";
				SWIFT_EMIT_LOC_STRINGS = NO;
				SWIFT_VERSION = 5.0;
				TARGETED_DEVICE_FAMILY = "1,2";
				TEST_TARGET_NAME = ConsoleBitVishank;
			};
			name = Release;
		};
/* End XCBuildConfiguration section */

/* Begin XCConfigurationList section */
		42D80E3D291273F600197817 /* Build configuration list for PBXProject "ConsoleBitVishank" */ = {
			isa = XCConfigurationList;
			buildConfigurations = (
				42D80E6D291273F800197817 /* Debug */,
				42D80E6E291273F800197817 /* Release */,
			);
			defaultConfigurationIsVisible = 0;
			defaultConfigurationName = Release;
		};
		42D80E6F291273F800197817 /* Build configuration list for PBXNativeTarget "ConsoleBitVishank" */ = {
			isa = XCConfigurationList;
			buildConfigurations = (
				42D80E70291273F800197817 /* Debug */,
				42D80E71291273F800197817 /* Release */,
			);
			defaultConfigurationIsVisible = 0;
			defaultConfigurationName = Release;
		};
		42D80E72291273F800197817 /* Build configuration list for PBXNativeTarget "ConsoleBitVishankTests" */ = {
			isa = XCConfigurationList;
			buildConfigurations = (
				42D80E73291273F800197817 /* Debug */,
				42D80E74291273F800197817 /* Release */,
			);
			defaultConfigurationIsVisible = 0;
			defaultConfigurationName = Release;
		};
		42D80E75291273F800197817 /* Build configuration list for PBXNativeTarget "ConsoleBitVishankUITests" */ = {
			isa = XCConfigurationList;
			buildConfigurations = (
				42D80E76291273F800197817 /* Debug */,
				42D80E77291273F800197817 /* Release */,
			);
			defaultConfigurationIsVisible = 0;
			defaultConfigurationName = Release;
		};
/* End XCConfigurationList section */

/* Begin XCRemoteSwiftPackageReference section */
		42D80E782912760800197817 /* XCRemoteSwiftPackageReference "Alamofire" */ = {
			isa = XCRemoteSwiftPackageReference;
			repositoryURL = "https://github.com/Alamofire/Alamofire.git";
			requirement = {
				kind = upToNextMajorVersion;
				minimumVersion = 5.0.0;
			};
		};
/* End XCRemoteSwiftPackageReference section */

/* Begin XCSwiftPackageProductDependency section */
		42D80E792912760900197817 /* Alamofire */ = {
			isa = XCSwiftPackageProductDependency;
			package = 42D80E782912760800197817 /* XCRemoteSwiftPackageReference "Alamofire" */;
			productName = Alamofire;
		};
/* End XCSwiftPackageProductDependency section */

/* Begin XCVersionGroup section */
		42D80E4E291273F700197817 /* ConsoleBitVishank.xcdatamodeld */ = {
			isa = XCVersionGroup;
			children = (
				42D80E4F291273F700197817 /* ConsoleBitVishank.xcdatamodel */,
			);
			currentVersion = 42D80E4F291273F700197817 /* ConsoleBitVishank.xcdatamodel */;
			path = ConsoleBitVishank.xcdatamodeld;
			sourceTree = "<group>";
			versionGroupType = wrapper.xcdatamodel;
		};
/* End XCVersionGroup section */
	};
	rootObject = 42D80E3A291273F600197817 /* Project object */;
}
